
Microsoft Visual Studio Solution File, Format Version 12.00
# Visual Studio Version 16
VisualStudioVersion = 16.0.29709.97
MinimumVisualStudioVersion = 10.0.40219.1
Project("{FAE04EC0-301F-11D3-BF4B-00C04F79EFBC}") = "TFOR-Android", "TFOR-Android\TFOR-Android.csproj", "{F2530570-3DE2-4834-AC73-0BA5AB3586CD}"
EndProject
Project("{FAE04EC0-301F-11D3-BF4B-00C04F79EFBC}") = "TFOR-IOS", "TFOR-IOS\TFOR-IOS.csproj", "{F95CC3CB-B8C3-467E-8BB9-D0A157073138}"
EndProject
Project("{FAE04EC0-301F-11D3-BF4B-00C04F79EFBC}") = "TFOR-IOS.test", "TFOR-IOS.Test\TFOR-IOS.test.csproj", "{64EAB8AF-FAD9-46F5-AF19-E7AAAD896D92}"
EndProject
Global
	GlobalSection(SolutionConfigurationPlatforms) = preSolution
		Debug|Any CPU = Debug|Any CPU
		Debug|iPhone = Debug|iPhone
		Debug|iPhoneSimulator = Debug|iPhoneSimulator
		Release|Any CPU = Release|Any CPU
		Release|iPhone = Release|iPhone
		Release|iPhoneSimulator = Release|iPhoneSimulator
	EndGlobalSection
	GlobalSection(ProjectConfigurationPlatforms) = postSolution
		{F2530570-3DE2-4834-AC73-0BA5AB3586CD}.Debug|Any CPU.ActiveCfg = Debug|Any CPU
		{F2530570-3DE2-4834-AC73-0BA5AB3586CD}.Debug|Any CPU.Build.0 = Debug|Any CPU
		{F2530570-3DE2-4834-AC73-0BA5AB3586CD}.Debug|Any CPU.Deploy.0 = Debug|Any CPU
		{F2530570-3DE2-4834-AC73-0BA5AB3586CD}.Debug|iPhone.ActiveCfg = Debug|Any CPU
		{F2530570-3DE2-4834-AC73-0BA5AB3586CD}.Debug|iPhone.Build.0 = Debug|Any CPU
		{F2530570-3DE2-4834-AC73-0BA5AB3586CD}.Debug|iPhone.Deploy.0 = Debug|Any CPU
		{F2530570-3DE2-4834-AC73-0BA5AB3586CD}.Debug|iPhoneSimulator.ActiveCfg = Debug|Any CPU
		{F2530570-3DE2-4834-AC73-0BA5AB3586CD}.Debug|iPhoneSimulator.Build.0 = Debug|Any CPU
		{F2530570-3DE2-4834-AC73-0BA5AB3586CD}.Debug|iPhoneSimulator.Deploy.0 = Debug|Any CPU
		{F2530570-3DE2-4834-AC73-0BA5AB3586CD}.Release|Any CPU.ActiveCfg = Release|Any CPU
		{F2530570-3DE2-4834-AC73-0BA5AB3586CD}.Release|Any CPU.Build.0 = Release|Any CPU
		{F2530570-3DE2-4834-AC73-0BA5AB3586CD}.Release|Any CPU.Deploy.0 = Release|Any CPU
		{F2530570-3DE2-4834-AC73-0BA5AB3586CD}.Release|iPhone.ActiveCfg = Release|Any CPU
		{F2530570-3DE2-4834-AC73-0BA5AB3586CD}.Release|iPhone.Build.0 = Release|Any CPU
		{F2530570-3DE2-4834-AC73-0BA5AB3586CD}.Release|iPhone.Deploy.0 = Release|Any CPU
		{F2530570-3DE2-4834-AC73-0BA5AB3586CD}.Release|iPhoneSimulator.ActiveCfg = Release|Any CPU
		{F2530570-3DE2-4834-AC73-0BA5AB3586CD}.Release|iPhoneSimulator.Build.0 = Release|Any CPU
		{F2530570-3DE2-4834-AC73-0BA5AB3586CD}.Release|iPhoneSimulator.Deploy.0 = Release|Any CPU
		{F95CC3CB-B8C3-467E-8BB9-D0A157073138}.Debug|Any CPU.ActiveCfg = Debug|iPhoneSimulator
		{F95CC3CB-B8C3-467E-8BB9-D0A157073138}.Debug|Any CPU.Build.0 = Debug|iPhoneSimulator
		{F95CC3CB-B8C3-467E-8BB9-D0A157073138}.Debug|iPhone.ActiveCfg = Debug|iPhone
		{F95CC3CB-B8C3-467E-8BB9-D0A157073138}.Debug|iPhone.Build.0 = Debug|iPhone
		{F95CC3CB-B8C3-467E-8BB9-D0A157073138}.Debug|iPhoneSimulator.ActiveCfg = Debug|iPhoneSimulator
		{F95CC3CB-B8C3-467E-8BB9-D0A157073138}.Debug|iPhoneSimulator.Build.0 = Debug|iPhoneSimulator
		{F95CC3CB-B8C3-467E-8BB9-D0A157073138}.Release|Any CPU.ActiveCfg = Release|iPhoneSimulator
		{F95CC3CB-B8C3-467E-8BB9-D0A157073138}.Release|Any CPU.Build.0 = Release|iPhoneSimulator
		{F95CC3CB-B8C3-467E-8BB9-D0A157073138}.Release|iPhone.ActiveCfg = Release|iPhone
		{F95CC3CB-B8C3-467E-8BB9-D0A157073138}.Release|iPhone.Build.0 = Release|iPhone
		{F95CC3CB-B8C3-467E-8BB9-D0A157073138}.Release|iPhoneSimulator.ActiveCfg = Release|iPhoneSimulator
		{F95CC3CB-B8C3-467E-8BB9-D0A157073138}.Release|iPhoneSimulator.Build.0 = Release|iPhoneSimulator
		{64EAB8AF-FAD9-46F5-AF19-E7AAAD896D92}.Debug|Any CPU.ActiveCfg = Debug|iPhoneSimulator
		{64EAB8AF-FAD9-46F5-AF19-E7AAAD896D92}.Debug|Any CPU.Build.0 = Debug|iPhoneSimulator
		{64EAB8AF-FAD9-46F5-AF19-E7AAAD896D92}.Debug|iPhone.ActiveCfg = Debug|iPhone
		{64EAB8AF-FAD9-46F5-AF19-E7AAAD896D92}.Debug|iPhone.Build.0 = Debug|iPhone
		{64EAB8AF-FAD9-46F5-AF19-E7AAAD896D92}.Debug|iPhoneSimulator.ActiveCfg = Debug|iPhoneSimulator
		{64EAB8AF-FAD9-46F5-AF19-E7AAAD896D92}.Debug|iPhoneSimulator.Build.0 = Debug|iPhoneSimulator
		{64EAB8AF-FAD9-46F5-AF19-E7AAAD896D92}.Release|Any CPU.ActiveCfg = Release|iPhoneSimulator
		{64EAB8AF-FAD9-46F5-AF19-E7AAAD896D92}.Release|Any CPU.Build.0 = Release|iPhoneSimulator
		{64EAB8AF-FAD9-46F5-AF19-E7AAAD896D92}.Release|iPhone.ActiveCfg = Release|iPhone
		{64EAB8AF-FAD9-46F5-AF19-E7AAAD896D92}.Release|iPhone.Build.0 = Release|iPhone
		{64EAB8AF-FAD9-46F5-AF19-E7AAAD896D92}.Release|iPhoneSimulator.ActiveCfg = Release|iPhoneSimulator
		{64EAB8AF-FAD9-46F5-AF19-E7AAAD896D92}.Release|iPhoneSimulator.Build.0 = Release|iPhoneSimulator
	EndGlobalSection
	GlobalSection(SolutionProperties) = preSolution
		HideSolutionNode = FALSE
	EndGlobalSection
	GlobalSection(ExtensibilityGlobals) = postSolution
		SolutionGuid = {58DC1506-A457-4CA9-9179-E580D3427141}
	EndGlobalSection
EndGlobal
